Microsoft Visual Studio Solution File, Format Version 12.00
# Visual Studio Version 17
VisualStudioVersion = 17.5.2.0
MinimumVisualStudioVersion = 10.0.40219.1
Project("{FAE04EC0-301F-11D3-BF4B-00C04F79EFBC}") = "api_preven_email_service", "api_preven_email_service.csproj", "{62DE455B-57B0-EE06-3C84-5659A5CAE061}"
EndProject
Global
	GlobalSection(SolutionConfigurationPlatforms) = preSolution
		Debug|Any CPU = Debug|Any CPU
		Release|Any CPU = Release|Any CPU
	EndGlobalSection
	GlobalSection(ProjectConfigurationPlatforms) = postSolution
		{62DE455B-57B0-EE06-3C84-5659A5CAE061}.Debug|Any CPU.ActiveCfg = Debug|Any CPU
		{62DE455B-57B0-EE06-3C84-5659A5CAE061}.Debug|Any CPU.Build.0 = Debug|Any CPU
		{62DE455B-57B0-EE06-3C84-5659A5CAE061}.Release|Any CPU.ActiveCfg = Release|Any CPU
		{62DE455B-57B0-EE06-3C84-5659A5CAE061}.Release|Any CPU.Build.0 = Release|Any CPU
	EndGlobalSection
	GlobalSection(SolutionProperties) = preSolution
		HideSolutionNode = FALSE
	EndGlobalSection
	GlobalSection(ExtensibilityGlobals) = postSolution
		SolutionGuid = {DCB55031-7234-4C8F-B604-7322E4FD2C35}
	EndGlobalSection
EndGlobal
